
Microsoft Visual Studio Solution File, Format Version 12.00
# Visual Studio Version 16
VisualStudioVersion = 16.0.31025.218
MinimumVisualStudioVersion = 10.0.40219.1
Project("{9A19103F-16F7-4668-BE54-9A1E7A4F7556}") = "ChatIdBenchmark", "ChatIdBenchmark\ChatIdBenchmark.csproj", "{C9E19569-8B1B-43C9-B878-4D02A6CB5214}"
EndProject
Project("{FAE04EC0-301F-11D3-BF4B-00C04F79EFBC}") = "ChatIdTests", "ChatIdTests\ChatIdTests.csproj", "{300CA15E-29DF-4997-B658-531647A6315D}"
EndProject
Global
	GlobalSection(SolutionConfigurationPlatforms) = preSolution
		Debug|Any CPU = Debug|Any CPU
		Release|Any CPU = Release|Any CPU
	EndGlobalSection
	GlobalSection(ProjectConfigurationPlatforms) = postSolution
		{C9E19569-8B1B-43C9-B878-4D02A6CB5214}.Debug|Any CPU.ActiveCfg = Debug|Any CPU
		{C9E19569-8B1B-43C9-B878-4D02A6CB5214}.Debug|Any CPU.Build.0 = Debug|Any CPU
		{C9E19569-8B1B-43C9-B878-4D02A6CB5214}.Release|Any CPU.ActiveCfg = Release|Any CPU
		{C9E19569-8B1B-43C9-B878-4D02A6CB5214}.Release|Any CPU.Build.0 = Release|Any CPU
		{300CA15E-29DF-4997-B658-531647A6315D}.Debug|Any CPU.ActiveCfg = Debug|Any CPU
		{300CA15E-29DF-4997-B658-531647A6315D}.Debug|Any CPU.Build.0 = Debug|Any CPU
		{300CA15E-29DF-4997-B658-531647A6315D}.Release|Any CPU.ActiveCfg = Release|Any CPU
		{300CA15E-29DF-4997-B658-531647A6315D}.Release|Any CPU.Build.0 = Release|Any CPU
	EndGlobalSection
	GlobalSection(SolutionProperties) = preSolution
		HideSolutionNode = FALSE
	EndGlobalSection
	GlobalSection(ExtensibilityGlobals) = postSolution
		SolutionGuid = {1A7A4829-29F9-489A-8235-378D70624FDB}
	EndGlobalSection
EndGlobal
